<?xml version="1.0" encoding="utf-8"?>
<Project ToolsVersion="14.0" xmlns="http://schemas.microsoft.com/developer/msbuild/2003">
  <ItemGroup>
    <ClCompile Include="..\brotli\c\enc\backward_references.c">
      <Filter>Source Files</Filter>
    </ClCompile>
    <ClCompile Include="..\brotli\c\enc\backward_references_hq.c">
      <Filter>Source Files</Filter>
    </ClCompile>
    <ClCompile Include="..\brotli\c\enc\bit_cost.c">
      <Filter>Source Files</Filter>
    </ClCompile>
    <ClCompile Include="..\brotli\c\enc\block_splitter.c">
      <Filter>Source Files</Filter>
    </ClCompile>
    <ClCompile Include="..\brotli\c\enc\brotli_bit_stream.c">
      <Filter>Source Files</Filter>
    </ClCompile>
    <ClCompile Include="..\brotli\c\enc\cluster.c">
      <Filter>Source Files</Filter>
    </ClCompile>
    <ClCompile Include="..\brotli\c\enc\compress_fragment.c">
      <Filter>Source Files</Filter>
    </ClCompile>
    <ClCompile Include="..\brotli\c\enc\compress_fragment_two_pass.c">
      <Filter>Source Files</Filter>
    </ClCompile>
    <ClCompile Include="..\brotli\c\enc\dictionary_hash.c">
      <Filter>Source Files</Filter>
    </ClCompile>
    <ClCompile Include="..\brotli\c\enc\encode.c">
      <Filter>Source Files</Filter>
    </ClCompile>
    <ClCompile Include="..\brotli\c\enc\encoder_dict.c">
      <Filter>Source Files</Filter>
    </ClCompile>
    <ClCompile Include="..\brotli\c\enc\entropy_encode.c">
      <Filter>Source Files</Filter>
    </ClCompile>
    <ClCompile Include="..\brotli\c\enc\histogram.c">
      <Filter>Source Files</Filter>
    </ClCompile>
    <ClCompile Include="..\brotli\c\enc\literal_cost.c">
      <Filter>Source Files</Filter>
    </ClCompile>
    <ClCompile Include="..\brotli\c\enc\memory.c">
      <Filter>Source Files</Filter>
    </ClCompile>
    <ClCompile Include="..\brotli\c\enc\metablock.c">
      <Filter>Source Files</Filter>
    </ClCompile>
    <ClCompile Include="..\brotli\c\enc\static_dict.c">
      <Filter>Source Files</Filter>
    </ClCompile>
    <ClCompile Include="..\brotli\c\enc\utf8_util.c">
      <Filter>Source Files</Filter>
    </ClCompile>
  </ItemGroup>
  <ItemGroup>
    <Filter Include="Source Files">
      <UniqueIdentifier>{E6385771-72BC-3436-A915-2C33802BF2D1}</UniqueIdentifier>
    </Filter>
  </ItemGroup>
</Project>